// !$*UTF8*$!
{
	archiveVersion = 1;
	classes = {
	};
	objectVersion = 45;
	objects = {

/* Begin PBXBuildFile section */
		F643B8D8115B81C300832707 /* lazy.h in Headers */ = {isa = PBXBuildFile; fileRef = F643B8D7115B81C300832707 /* lazy.h */; };
		F643B8E4115B81DD00832707 /* lazy_database_impl.c in Sources */ = {isa = PBXBuildFile; fileRef = F643B8DA115B81DD00832707 /* lazy_database_impl.c */; };
		F643B8E5115B81DD00832707 /* lazy_database_impl.h in Headers */ = {isa = PBXBuildFile; fileRef = F643B8DB115B81DD00832707 /* lazy_database_impl.h */; };
		F643B8E6115B81DD00832707 /* lazy_logging_impl.c in Sources */ = {isa = PBXBuildFile; fileRef = F643B8DC115B81DD00832707 /* lazy_logging_impl.c */; };
		F643B8E7115B81DD00832707 /* lazy_logging_impl.h in Headers */ = {isa = PBXBuildFile; fileRef = F643B8DD115B81DD00832707 /* lazy_logging_impl.h */; };
		F643B8E8115B81DD00832707 /* lazy_object_dispatch_group.c in Sources */ = {isa = PBXBuildFile; fileRef = F643B8DE115B81DD00832707 /* lazy_object_dispatch_group.c */; };
		F643B8E9115B81DD00832707 /* lazy_object_dispatch_group.h in Headers */ = {isa = PBXBuildFile; fileRef = F643B8DF115B81DD00832707 /* lazy_object_dispatch_group.h */; };
		F643B8EA115B81DD00832707 /* lazy_object_impl.c in Sources */ = {isa = PBXBuildFile; fileRef = F643B8E0115B81DD00832707 /* lazy_object_impl.c */; };
		F643B8EB115B81DD00832707 /* lazy_object_impl.h in Headers */ = {isa = PBXBuildFile; fileRef = F643B8E1115B81DD00832707 /* lazy_object_impl.h */; };
		F643B8EC115B81DD00832707 /* lazy_root_impl.c in Sources */ = {isa = PBXBuildFile; fileRef = F643B8E2115B81DD00832707 /* lazy_root_impl.c */; };
		F643B8ED115B81DD00832707 /* lazy_root_impl.h in Headers */ = {isa = PBXBuildFile; fileRef = F643B8E3115B81DD00832707 /* lazy_root_impl.h */; };
		F643B8F4115B81F700832707 /* check_lazy_object.c in Sources */ = {isa = PBXBuildFile; fileRef = F643B8EF115B81F700832707 /* check_lazy_object.c */; };
		F643B8FD115B828600832707 /* liblazyObject.a in Frameworks */ = {isa = PBXBuildFile; fileRef = D2AAC046055464E500DB518D /* liblazyObject.a */; };
		F643B8FF115B829700832707 /* libcheck.dylib in Frameworks */ = {isa = PBXBuildFile; fileRef = F643B8FE115B829700832707 /* libcheck.dylib */; };
/* End PBXBuildFile section */

/* Begin PBXContainerItemProxy section */
		F643B8FB115B828300832707 /* PBXContainerItemProxy */ = {
			isa = PBXContainerItemProxy;
			containerPortal = 08FB7793FE84155DC02AAC07 /* Project object */;
			proxyType = 1;
			remoteGlobalIDString = D2AAC045055464E500DB518D /* lazyObject */;
			remoteInfo = lazyObject;
		};
/* End PBXContainerItemProxy section */

/* Begin PBXFileReference section */
		D2AAC046055464E500DB518D /* liblazyObject.a */ = {isa = PBXFileReference; explicitFileType = archive.ar; includeInIndex = 0; path = liblazyObject.a; sourceTree = BUILT_PRODUCTS_DIR; };
		F643B8C7115B814D00832707 /* check_lazy_object */ = {isa = PBXFileReference; explicitFileType = "compiled.mach-o.executable"; includeInIndex = 0; path = check_lazy_object; sourceTree = BUILT_PRODUCTS_DIR; };
		F643B8D7115B81C300832707 /* lazy.h */ = {isa = PBXFileReference; fileEncoding = 4; lastKnownFileType = sourcecode.c.h; name = lazy.h; path = include/lazy.h; sourceTree = "<group>"; };
		F643B8DA115B81DD00832707 /* lazy_database_impl.c */ = {isa = PBXFileReference; fileEncoding = 4; lastKnownFileType = sourcecode.c.c; name = lazy_database_impl.c; path = lazy/lazy_database_impl.c; sourceTree = "<group>"; };
		F643B8DB115B81DD00832707 /* lazy_database_impl.h */ = {isa = PBXFileReference; fileEncoding = 4; lastKnownFileType = sourcecode.c.h; name = lazy_database_impl.h; path = lazy/lazy_database_impl.h; sourceTree = "<group>"; };
		F643B8DC115B81DD00832707 /* lazy_logging_impl.c */ = {isa = PBXFileReference; fileEncoding = 4; lastKnownFileType = sourcecode.c.c; name = lazy_logging_impl.c; path = lazy/lazy_logging_impl.c; sourceTree = "<group>"; };
		F643B8DD115B81DD00832707 /* lazy_logging_impl.h */ = {isa = PBXFileReference; fileEncoding = 4; lastKnownFileType = sourcecode.c.h; name = lazy_logging_impl.h; path = lazy/lazy_logging_impl.h; sourceTree = "<group>"; };
		F643B8DE115B81DD00832707 /* lazy_object_dispatch_group.c */ = {isa = PBXFileReference; fileEncoding = 4; lastKnownFileType = sourcecode.c.c; name = lazy_object_dispatch_group.c; path = lazy/lazy_object_dispatch_group.c; sourceTree = "<group>"; };
		F643B8DF115B81DD00832707 /* lazy_object_dispatch_group.h */ = {isa = PBXFileReference; fileEncoding = 4; lastKnownFileType = sourcecode.c.h; name = lazy_object_dispatch_group.h; path = lazy/lazy_object_dispatch_group.h; sourceTree = "<group>"; };
		F643B8E0115B81DD00832707 /* lazy_object_impl.c */ = {isa = PBXFileReference; fileEncoding = 4; lastKnownFileType = sourcecode.c.c; name = lazy_object_impl.c; path = lazy/lazy_object_impl.c; sourceTree = "<group>"; };
		F643B8E1115B81DD00832707 /* lazy_object_impl.h */ = {isa = PBXFileReference; fileEncoding = 4; lastKnownFileType = sourcecode.c.h; name = lazy_object_impl.h; path = lazy/lazy_object_impl.h; sourceTree = "<group>"; };
		F643B8E2115B81DD00832707 /* lazy_root_impl.c */ = {isa = PBXFileReference; fileEncoding = 4; lastKnownFileType = sourcecode.c.c; name = lazy_root_impl.c; path = lazy/lazy_root_impl.c; sourceTree = "<group>"; };
		F643B8E3115B81DD00832707 /* lazy_root_impl.h */ = {isa = PBXFileReference; fileEncoding = 4; lastKnownFileType = sourcecode.c.h; name = lazy_root_impl.h; path = lazy/lazy_root_impl.h; sourceTree = "<group>"; };
		F643B8EF115B81F700832707 /* check_lazy_object.c */ = {isa = PBXFileReference; fileEncoding = 4; lastKnownFileType = sourcecode.c.c; name = check_lazy_object.c; path = test/check_lazy_object.c; sourceTree = "<group>"; };
		F643B8F0115B81F700832707 /* test_create_lazy_object_list.h */ = {isa = PBXFileReference; fileEncoding = 4; lastKnownFileType = sourcecode.c.h; name = test_create_lazy_object_list.h; path = test/test_create_lazy_object_list.h; sourceTree = "<group>"; };
		F643B8F1115B81F700832707 /* test_create_lazy_object.h */ = {isa = PBXFileReference; fileEncoding = 4; lastKnownFileType = sourcecode.c.h; name = test_create_lazy_object.h; path = test/test_create_lazy_object.h; sourceTree = "<group>"; };
		F643B8F2115B81F700832707 /* test_root_handle.h */ = {isa = PBXFileReference; fileEncoding = 4; lastKnownFileType = sourcecode.c.h; name = test_root_handle.h; path = test/test_root_handle.h; sourceTree = "<group>"; };
		F643B8F3115B81F700832707 /* test_use_async.h */ = {isa = PBXFileReference; fileEncoding = 4; lastKnownFileType = sourcecode.c.h; name = test_use_async.h; path = test/test_use_async.h; sourceTree = "<group>"; };
		F643B8F6115B821000832707 /* AUTHORS */ = {isa = PBXFileReference; fileEncoding = 4; lastKnownFileType = text; path = AUTHORS; sourceTree = "<group>"; };
		F643B8F7115B821000832707 /* COPYING */ = {isa = PBXFileReference; fileEncoding = 4; lastKnownFileType = text; path = COPYING; sourceTree = "<group>"; };
		F643B8F8115B821000832707 /* README.markdown */ = {isa = PBXFileReference; fileEncoding = 4; lastKnownFileType = text; path = README.markdown; sourceTree = "<group>"; };
		F643B8FE115B829700832707 /* libcheck.dylib */ = {isa = PBXFileReference; lastKnownFileType = "compiled.mach-o.dylib"; name = libcheck.dylib; path = /opt/local/lib/libcheck.dylib; sourceTree = "<absolute>"; };
/* End PBXFileReference section */

/* Begin PBXFrameworksBuildPhase section */
		D289987405E68DCB004EDB86 /* Frameworks */ = {
			isa = PBXFrameworksBuildPhase;
			buildActionMask = 2147483647;
			files = (
			);
			runOnlyForDeploymentPostprocessing = 0;
		};
		F643B8C5115B814D00832707 /* Frameworks */ = {
			isa = PBXFrameworksBuildPhase;
			buildActionMask = 2147483647;
			files = (
				F643B8FD115B828600832707 /* liblazyObject.a in Frameworks */,
				F643B8FF115B829700832707 /* libcheck.dylib in Frameworks */,
			);
			runOnlyForDeploymentPostprocessing = 0;
		};
/* End PBXFrameworksBuildPhase section */

/* Begin PBXGroup section */
		08FB7794FE84155DC02AAC07 /* lazyObject */ = {
			isa = PBXGroup;
			children = (
				F643B8D6115B81AD00832707 /* API */,
				F643B8D9115B81C800832707 /* Lib Lazy */,
				F643B8EE115B81E300832707 /* Tests */,
				F643B8F5115B81FB00832707 /* Resources */,
				1AB674ADFE9D54B511CA2CBB /* Products */,
				F643B8FE115B829700832707 /* libcheck.dylib */,
			);
			name = lazyObject;
			sourceTree = "<group>";
		};
		1AB674ADFE9D54B511CA2CBB /* Products */ = {
			isa = PBXGroup;
			children = (
				D2AAC046055464E500DB518D /* liblazyObject.a */,
				F643B8C7115B814D00832707 /* check_lazy_object */,
			);
			name = Products;
			sourceTree = "<group>";
		};
		F643B8D6115B81AD00832707 /* API */ = {
			isa = PBXGroup;
			children = (
				F643B8D7115B81C300832707 /* lazy.h */,
			);
			name = API;
			sourceTree = "<group>";
		};
		F643B8D9115B81C800832707 /* Lib Lazy */ = {
			isa = PBXGroup;
			children = (
				F643B8DA115B81DD00832707 /* lazy_database_impl.c */,
				F643B8DB115B81DD00832707 /* lazy_database_impl.h */,
				F643B8DC115B81DD00832707 /* lazy_logging_impl.c */,
				F643B8DD115B81DD00832707 /* lazy_logging_impl.h */,
				F643B8DE115B81DD00832707 /* lazy_object_dispatch_group.c */,
				F643B8DF115B81DD00832707 /* lazy_object_dispatch_group.h */,
				F643B8E0115B81DD00832707 /* lazy_object_impl.c */,
				F643B8E1115B81DD00832707 /* lazy_object_impl.h */,
				F643B8E2115B81DD00832707 /* lazy_root_impl.c */,
				F643B8E3115B81DD00832707 /* lazy_root_impl.h */,
			);
			name = "Lib Lazy";
			sourceTree = "<group>";
		};
		F643B8EE115B81E300832707 /* Tests */ = {
			isa = PBXGroup;
			children = (
				F643B8EF115B81F700832707 /* check_lazy_object.c */,
				F643B8F0115B81F700832707 /* test_create_lazy_object_list.h */,
				F643B8F1115B81F700832707 /* test_create_lazy_object.h */,
				F643B8F2115B81F700832707 /* test_root_handle.h */,
				F643B8F3115B81F700832707 /* test_use_async.h */,
			);
			name = Tests;
			sourceTree = "<group>";
		};
		F643B8F5115B81FB00832707 /* Resources */ = {
			isa = PBXGroup;
			children = (
				F643B8F6115B821000832707 /* AUTHORS */,
				F643B8F7115B821000832707 /* COPYING */,
				F643B8F8115B821000832707 /* README.markdown */,
			);
			name = Resources;
			sourceTree = "<group>";
		};
/* End PBXGroup section */

/* Begin PBXHeadersBuildPhase section */
		D2AAC043055464E500DB518D /* Headers */ = {
			isa = PBXHeadersBuildPhase;
			buildActionMask = 2147483647;
			files = (
				F643B8D8115B81C300832707 /* lazy.h in Headers */,
				F643B8E5115B81DD00832707 /* lazy_database_impl.h in Headers */,
				F643B8E7115B81DD00832707 /* lazy_logging_impl.h in Headers */,
				F643B8E9115B81DD00832707 /* lazy_object_dispatch_group.h in Headers */,
				F643B8EB115B81DD00832707 /* lazy_object_impl.h in Headers */,
				F643B8ED115B81DD00832707 /* lazy_root_impl.h in Headers */,
			);
			runOnlyForDeploymentPostprocessing = 0;
		};
/* End PBXHeadersBuildPhase section */

/* Begin PBXNativeTarget section */
		D2AAC045055464E500DB518D /* lazyObject */ = {
			isa = PBXNativeTarget;
			buildConfigurationList = 1DEB91EB08733DB70010E9CD /* Build configuration list for PBXNativeTarget "lazyObject" */;
			buildPhases = (
				D2AAC043055464E500DB518D /* Headers */,
				D2AAC044055464E500DB518D /* Sources */,
				D289987405E68DCB004EDB86 /* Frameworks */,
			);
			buildRules = (
			);
			dependencies = (
			);
			name = lazyObject;
			productName = lazyObject;
			productReference = D2AAC046055464E500DB518D /* liblazyObject.a */;
			productType = "com.apple.product-type.library.static";
		};
		F643B8C6115B814D00832707 /* check_lazy_object */ = {
			isa = PBXNativeTarget;
			buildConfigurationList = F643B8CB115B817200832707 /* Build configuration list for PBXNativeTarget "check_lazy_object" */;
			buildPhases = (
				F643B8C4115B814D00832707 /* Sources */,
				F643B8C5115B814D00832707 /* Frameworks */,
			);
			buildRules = (
			);
			dependencies = (
				F643B8FC115B828300832707 /* PBXTargetDependency */,
			);
			name = check_lazy_object;
			productName = check_lazy_object;
			productReference = F643B8C7115B814D00832707 /* check_lazy_object */;
			productType = "com.apple.product-type.tool";
		};
/* End PBXNativeTarget section */

/* Begin PBXProject section */
		08FB7793FE84155DC02AAC07 /* Project object */ = {
			isa = PBXProject;
			attributes = {
				ORGANIZATIONNAME = "Fraunhofer Institut für Software- und Systemtechnik ISST";
			};
			buildConfigurationList = 1DEB91EF08733DB70010E9CD /* Build configuration list for PBXProject "lazyObject" */;
			compatibilityVersion = "Xcode 3.1";
			hasScannedForEncodings = 1;
			mainGroup = 08FB7794FE84155DC02AAC07 /* lazyObject */;
			projectDirPath = "";
			projectRoot = "";
			targets = (
				D2AAC045055464E500DB518D /* lazyObject */,
				F643B8C6115B814D00832707 /* check_lazy_object */,
			);
		};
/* End PBXProject section */

/* Begin PBXSourcesBuildPhase section */
		D2AAC044055464E500DB518D /* Sources */ = {
			isa = PBXSourcesBuildPhase;
			buildActionMask = 2147483647;
			files = (
				F643B8E4115B81DD00832707 /* lazy_database_impl.c in Sources */,
				F643B8E6115B81DD00832707 /* lazy_logging_impl.c in Sources */,
				F643B8E8115B81DD00832707 /* lazy_object_dispatch_group.c in Sources */,
				F643B8EA115B81DD00832707 /* lazy_object_impl.c in Sources */,
				F643B8EC115B81DD00832707 /* lazy_root_impl.c in Sources */,
			);
			runOnlyForDeploymentPostprocessing = 0;
		};
		F643B8C4115B814D00832707 /* Sources */ = {
			isa = PBXSourcesBuildPhase;
			buildActionMask = 2147483647;
			files = (
				F643B8F4115B81F700832707 /* check_lazy_object.c in Sources */,
			);
			runOnlyForDeploymentPostprocessing = 0;
		};
/* End PBXSourcesBuildPhase section */

/* Begin PBXTargetDependency section */
		F643B8FC115B828300832707 /* PBXTargetDependency */ = {
			isa = PBXTargetDependency;
			target = D2AAC045055464E500DB518D /* lazyObject */;
			targetProxy = F643B8FB115B828300832707 /* PBXContainerItemProxy */;
		};
/* End PBXTargetDependency section */

/* Begin XCBuildConfiguration section */
		1DEB91EC08733DB70010E9CD /* Debug */ = {
			isa = XCBuildConfiguration;
			buildSettings = {
				ALWAYS_SEARCH_USER_PATHS = NO;
				COPY_PHASE_STRIP = NO;
				GCC_DYNAMIC_NO_PIC = NO;
				GCC_ENABLE_FIX_AND_CONTINUE = YES;
				GCC_MODEL_TUNING = G5;
				GCC_OPTIMIZATION_LEVEL = 0;
				INSTALL_PATH = /usr/local/lib;
				PRODUCT_NAME = lazyObject;
			};
			name = Debug;
		};
		1DEB91ED08733DB70010E9CD /* Release */ = {
			isa = XCBuildConfiguration;
			buildSettings = {
				ALWAYS_SEARCH_USER_PATHS = NO;
				DEBUG_INFORMATION_FORMAT = "dwarf-with-dsym";
				GCC_MODEL_TUNING = G5;
				INSTALL_PATH = /usr/local/lib;
				PRODUCT_NAME = lazyObject;
			};
			name = Release;
		};
		1DEB91F008733DB70010E9CD /* Debug */ = {
			isa = XCBuildConfiguration;
			buildSettings = {
				ARCHS = "$(ARCHS_STANDARD_32_64_BIT)";
				GCC_C_LANGUAGE_STANDARD = gnu99;
				GCC_OPTIMIZATION_LEVEL = 0;
				GCC_VERSION = com.apple.compilers.llvm.clang.1_0;
				GCC_WARN_ABOUT_RETURN_TYPE = YES;
				GCC_WARN_UNUSED_VARIABLE = YES;
				HEADER_SEARCH_PATHS = (
					/opt/local/include/,
					"${SOURCE_ROOT}/include",
				);
				ONLY_ACTIVE_ARCH = YES;
				PREBINDING = NO;
				SDKROOT = macosx10.6;
			};
			name = Debug;
		};
		1DEB91F108733DB70010E9CD /* Release */ = {
			isa = XCBuildConfiguration;
			buildSettings = {
				ARCHS = "$(ARCHS_STANDARD_32_64_BIT)";
				GCC_C_LANGUAGE_STANDARD = gnu99;
				GCC_VERSION = com.apple.compilers.llvm.clang.1_0;
				GCC_WARN_ABOUT_RETURN_TYPE = YES;
				GCC_WARN_UNUSED_VARIABLE = YES;
				HEADER_SEARCH_PATHS = (
					/opt/local/include/,
					"${SOURCE_ROOT}/include",
				);
				PREBINDING = NO;
				SDKROOT = macosx10.6;
			};
			name = Release;
		};
		F643B8C9115B814D00832707 /* Debug */ = {
			isa = XCBuildConfiguration;
			buildSettings = {
				ALWAYS_SEARCH_USER_PATHS = NO;
				COPY_PHASE_STRIP = NO;
				GCC_DYNAMIC_NO_PIC = NO;
				GCC_ENABLE_FIX_AND_CONTINUE = YES;
				GCC_MODEL_TUNING = G5;
				GCC_OPTIMIZATION_LEVEL = 0;
				INSTALL_PATH = /usr/local/bin;
				LIBRARY_SEARCH_PATHS = (
					"$(inherited)",
					/opt/local/lib,
				);
				PREBINDING = NO;
				PRODUCT_NAME = check_lazy_object;
			};
			name = Debug;
		};
		F643B8CA115B814D00832707 /* Release */ = {
			isa = XCBuildConfiguration;
			buildSettings = {
				ALWAYS_SEARCH_USER_PATHS = NO;
				COPY_PHASE_STRIP = YES;
				DEBUG_INFORMATION_FORMAT = "dwarf-with-dsym";
				GCC_ENABLE_FIX_AND_CONTINUE = NO;
				GCC_MODEL_TUNING = G5;
				INSTALL_PATH = /usr/local/bin;
				LIBRARY_SEARCH_PATHS = (
					"$(inherited)",
					/opt/local/lib,
				);
				PREBINDING = NO;
				PRODUCT_NAME = check_lazy_object;
				ZERO_LINK = NO;
			};
			name = Release;
		};
/* End XCBuildConfiguration section */

/* Begin XCConfigurationList section */
		1DEB91EB08733DB70010E9CD /* Build configuration list for PBXNativeTarget "lazyObject" */ = {
			isa = XCConfigurationList;
			buildConfigurations = (
				1DEB91EC08733DB70010E9CD /* Debug */,
				1DEB91ED08733DB70010E9CD /* Release */,
			);
			defaultConfigurationIsVisible = 0;
			defaultConfigurationName = Release;
		};
		1DEB91EF08733DB70010E9CD /* Build configuration list for PBXProject "lazyObject" */ = {
			isa = XCConfigurationList;
			buildConfigurations = (
				1DEB91F008733DB70010E9CD /* Debug */,
				1DEB91F108733DB70010E9CD /* Release */,
			);
			defaultConfigurationIsVisible = 0;
			defaultConfigurationName = Release;
		};
		F643B8CB115B817200832707 /* Build configuration list for PBXNativeTarget "check_lazy_object" */ = {
			isa = XCConfigurationList;
			buildConfigurations = (
				F643B8C9115B814D00832707 /* Debug */,
				F643B8CA115B814D00832707 /* Release */,
			);
			defaultConfigurationIsVisible = 0;
			defaultConfigurationName = Release;
		};
/* End XCConfigurationList section */
	};
	rootObject = 08FB7793FE84155DC02AAC07 /* Project object */;
}
